
Microsoft Visual Studio Solution File, Format Version 12.00
# Visual Studio Version 17
VisualStudioVersion = 17.4.33213.308
MinimumVisualStudioVersion = 10.0.40219.1
Project("{9A19103F-16F7-4668-BE54-9A1E7A4F7556}") = "DataAccess", "DataAccess\DataAccess.csproj", "{AC973D71-33F4-4DA3-89D7-2AD33C05D113}"
EndProject
Project("{9A19103F-16F7-4668-BE54-9A1E7A4F7556}") = "DataAccessTests", "DataAccessTests\DataAccessTests.csproj", "{33AF87AE-42C1-400D-940B-457DDF728384}"
EndProject
Project("{9A19103F-16F7-4668-BE54-9A1E7A4F7556}") = "WebApi", "WebApi\WebApi.csproj", "{11DE5532-2B5D-41A3-8BEB-DAC1EFD32303}"
EndProject
Project("{FAE04EC0-301F-11D3-BF4B-00C04F79EFBC}") = "MyWasmClient", "MyWasmClient\MyWasmClient.csproj", "{2DE66523-86CE-4205-96B5-DFE3670627D6}"
EndProject
Global
	GlobalSection(SolutionConfigurationPlatforms) = preSolution
		Debug|Any CPU = Debug|Any CPU
		Release|Any CPU = Release|Any CPU
	EndGlobalSection
	GlobalSection(ProjectConfigurationPlatforms) = postSolution
		{AC973D71-33F4-4DA3-89D7-2AD33C05D113}.Debug|Any CPU.ActiveCfg = Debug|Any CPU
		{AC973D71-33F4-4DA3-89D7-2AD33C05D113}.Debug|Any CPU.Build.0 = Debug|Any CPU
		{AC973D71-33F4-4DA3-89D7-2AD33C05D113}.Release|Any CPU.ActiveCfg = Release|Any CPU
		{AC973D71-33F4-4DA3-89D7-2AD33C05D113}.Release|Any CPU.Build.0 = Release|Any CPU
		{33AF87AE-42C1-400D-940B-457DDF728384}.Debug|Any CPU.ActiveCfg = Debug|Any CPU
		{33AF87AE-42C1-400D-940B-457DDF728384}.Debug|Any CPU.Build.0 = Debug|Any CPU
		{33AF87AE-42C1-400D-940B-457DDF728384}.Release|Any CPU.ActiveCfg = Release|Any CPU
		{33AF87AE-42C1-400D-940B-457DDF728384}.Release|Any CPU.Build.0 = Release|Any CPU
		{11DE5532-2B5D-41A3-8BEB-DAC1EFD32303}.Debug|Any CPU.ActiveCfg = Debug|Any CPU
		{11DE5532-2B5D-41A3-8BEB-DAC1EFD32303}.Debug|Any CPU.Build.0 = Debug|Any CPU
		{11DE5532-2B5D-41A3-8BEB-DAC1EFD32303}.Release|Any CPU.ActiveCfg = Release|Any CPU
		{11DE5532-2B5D-41A3-8BEB-DAC1EFD32303}.Release|Any CPU.Build.0 = Release|Any CPU
		{2DE66523-86CE-4205-96B5-DFE3670627D6}.Debug|Any CPU.ActiveCfg = Debug|Any CPU
		{2DE66523-86CE-4205-96B5-DFE3670627D6}.Debug|Any CPU.Build.0 = Debug|Any CPU
		{2DE66523-86CE-4205-96B5-DFE3670627D6}.Release|Any CPU.ActiveCfg = Release|Any CPU
		{2DE66523-86CE-4205-96B5-DFE3670627D6}.Release|Any CPU.Build.0 = Release|Any CPU
	EndGlobalSection
	GlobalSection(SolutionProperties) = preSolution
		HideSolutionNode = FALSE
	EndGlobalSection
	GlobalSection(ExtensibilityGlobals) = postSolution
		SolutionGuid = {BC9A57C9-7D8B-4886-96DD-859CD9F3F03D}
	EndGlobalSection
EndGlobal
